# THIS IS AN AUTOGENERATED FILE. DO NOT EDIT THIS FILE DIRECTLY.
# yarn lockfile v1


fuse.js@^5.2.3:
  version "5.2.3"
  resolved "https://registry.yarnpkg.com/fuse.js/-/fuse.js-5.2.3.tgz#fdf3aa62859782b3f73ddfa57a9ca81517280c91"
  integrity sha512-ld3AEgKtKnnXCtJavtygAb+aLlD5aVvLwTocXXBSStLA6JGFI6oMxTvumwh46N2/3gs3A7JNDu1px5F1/cq84g==

ramda@^0.27.0:
  version "0.27.0"
  resolved "https://registry.yarnpkg.com/ramda/-/ramda-0.27.0.tgz#915dc29865c0800bf3f69b8fd6c279898b59de43"
  integrity sha512-pVzZdDpWwWqEVVLshWUHjNwuVP7SfcmPraYuqocJp1yo2U1R7P+5QAfDhdItkuoGqIBnBYrtPp7rEPqDn9HlZA==
